
Microsoft Visual Studio Solution File, Format Version 12.00
# Visual Studio Version 16
VisualStudioVersion = 16.0.28803.352
MinimumVisualStudioVersion = 10.0.40219.1
Project("{FAE04EC0-301F-11D3-BF4B-00C04F79EFBC}") = "ConsoleApp2", "ConsoleApp2\ConsoleApp2.csproj", "{4F93C62B-B6AA-43BF-829A-DA05DED85DC6}"
EndProject
Global
	GlobalSection(SolutionConfigurationPlatforms) = preSolution
		Debug|Any CPU = Debug|Any CPU
		Release|Any CPU = Release|Any CPU
	EndGlobalSection
	GlobalSection(ProjectConfigurationPlatforms) = postSolution
		{4F93C62B-B6AA-43BF-829A-DA05DED85DC6}.Debug|Any CPU.ActiveCfg = Debug|Any CPU
		{4F93C62B-B6AA-43BF-829A-DA05DED85DC6}.Debug|Any CPU.Build.0 = Debug|Any CPU
		{4F93C62B-B6AA-43BF-829A-DA05DED85DC6}.Release|Any CPU.ActiveCfg = Release|Any CPU
		{4F93C62B-B6AA-43BF-829A-DA05DED85DC6}.Release|Any CPU.Build.0 = Release|Any CPU
	EndGlobalSection
	GlobalSection(SolutionProperties) = preSolution
		HideSolutionNode = FALSE
	EndGlobalSection
	GlobalSection(ExtensibilityGlobals) = postSolution
		SolutionGuid = {470E6B36-393F-419A-ACA0-E88D744181B6}
	EndGlobalSection
EndGlobal
